// !$*UTF8*$!
{
	archiveVersion = 1;
	classes = {
	};
	objectVersion = 56;
	objects = {

/* Begin PBXBuildFile section */
		D253F04D2A0F445800D86D9C /* TCA_Shared_ReducerApp.swift in Sources */ = {isa = PBXBuildFile; fileRef = D253F04C2A0F445800D86D9C /* TCA_Shared_ReducerApp.swift */; };
		D253F04F2A0F445800D86D9C /* ContentView.swift in Sources */ = {isa = PBXBuildFile; fileRef = D253F04E2A0F445800D86D9C /* ContentView.swift */; };
		D253F0512A0F445900D86D9C /* Assets.xcassets in Resources */ = {isa = PBXBuildFile; fileRef = D253F0502A0F445900D86D9C /* Assets.xcassets */; };
		D253F0542A0F445900D86D9C /* Preview Assets.xcassets in Resources */ = {isa = PBXBuildFile; fileRef = D253F0532A0F445900D86D9C /* Preview Assets.xcassets */; };
		D253F05C2A0F44A100D86D9C /* ComposableArchitecture in Frameworks */ = {isa = PBXBuildFile; productRef = D253F05B2A0F44A100D86D9C /* ComposableArchitecture */; };
		D253F05E2A0F459400D86D9C /* Tab.swift in Sources */ = {isa = PBXBuildFile; fileRef = D253F05D2A0F459400D86D9C /* Tab.swift */; };
		D253F0602A0F45AD00D86D9C /* AppRootFeature.swift in Sources */ = {isa = PBXBuildFile; fileRef = D253F05F2A0F45AD00D86D9C /* AppRootFeature.swift */; };
		D253F0622A0F45EE00D86D9C /* ListenFeature.swift in Sources */ = {isa = PBXBuildFile; fileRef = D253F0612A0F45EE00D86D9C /* ListenFeature.swift */; };
		D253F0642A0F45F500D86D9C /* SearchFeature.swift in Sources */ = {isa = PBXBuildFile; fileRef = D253F0632A0F45F500D86D9C /* SearchFeature.swift */; };
		D253F0662A0F4E8900D86D9C /* TabFeature.swift in Sources */ = {isa = PBXBuildFile; fileRef = D253F0652A0F4E8900D86D9C /* TabFeature.swift */; };
		D253F0682A0F4F5800D86D9C /* PlaybackControlFeature.swift in Sources */ = {isa = PBXBuildFile; fileRef = D253F0672A0F4F5800D86D9C /* PlaybackControlFeature.swift */; };
/* End PBXBuildFile section */

/* Begin PBXFileReference section */
		D253F0492A0F445800D86D9C /* TCA-Shared-Reducer.app */ = {isa = PBXFileReference; explicitFileType = wrapper.application; includeInIndex = 0; path = "TCA-Shared-Reducer.app"; sourceTree = BUILT_PRODUCTS_DIR; };
		D253F04C2A0F445800D86D9C /* TCA_Shared_ReducerApp.swift */ = {isa = PBXFileReference; lastKnownFileType = sourcecode.swift; path = TCA_Shared_ReducerApp.swift; sourceTree = "<group>"; };
		D253F04E2A0F445800D86D9C /* ContentView.swift */ = {isa = PBXFileReference; lastKnownFileType = sourcecode.swift; path = ContentView.swift; sourceTree = "<group>"; };
		D253F0502A0F445900D86D9C /* Assets.xcassets */ = {isa = PBXFileReference; lastKnownFileType = folder.assetcatalog; path = Assets.xcassets; sourceTree = "<group>"; };
		D253F0532A0F445900D86D9C /* Preview Assets.xcassets */ = {isa = PBXFileReference; lastKnownFileType = folder.assetcatalog; path = "Preview Assets.xcassets"; sourceTree = "<group>"; };
		D253F05D2A0F459400D86D9C /* Tab.swift */ = {isa = PBXFileReference; lastKnownFileType = sourcecode.swift; path = Tab.swift; sourceTree = "<group>"; };
		D253F05F2A0F45AD00D86D9C /* AppRootFeature.swift */ = {isa = PBXFileReference; lastKnownFileType = sourcecode.swift; path = AppRootFeature.swift; sourceTree = "<group>"; };
		D253F0612A0F45EE00D86D9C /* ListenFeature.swift */ = {isa = PBXFileReference; lastKnownFileType = sourcecode.swift; path = ListenFeature.swift; sourceTree = "<group>"; };
		D253F0632A0F45F500D86D9C /* SearchFeature.swift */ = {isa = PBXFileReference; lastKnownFileType = sourcecode.swift; path = SearchFeature.swift; sourceTree = "<group>"; };
		D253F0652A0F4E8900D86D9C /* TabFeature.swift */ = {isa = PBXFileReference; lastKnownFileType = sourcecode.swift; path = TabFeature.swift; sourceTree = "<group>"; };
		D253F0672A0F4F5800D86D9C /* PlaybackControlFeature.swift */ = {isa = PBXFileReference; lastKnownFileType = sourcecode.swift; path = PlaybackControlFeature.swift; sourceTree = "<group>"; };
/* End PBXFileReference section */

/* Begin PBXFrameworksBuildPhase section */
		D253F0462A0F445800D86D9C /* Frameworks */ = {
			isa = PBXFrameworksBuildPhase;
			buildActionMask = 2147483647;
			files = (
				D253F05C2A0F44A100D86D9C /* ComposableArchitecture in Frameworks */,
			);
			runOnlyForDeploymentPostprocessing = 0;
		};
/* End PBXFrameworksBuildPhase section */

/* Begin PBXGroup section */
		D253F0402A0F445800D86D9C = {
			isa = PBXGroup;
			children = (
				D253F04B2A0F445800D86D9C /* TCA-Shared-Reducer */,
				D253F04A2A0F445800D86D9C /* Products */,
			);
			sourceTree = "<group>";
		};
		D253F04A2A0F445800D86D9C /* Products */ = {
			isa = PBXGroup;
			children = (
				D253F0492A0F445800D86D9C /* TCA-Shared-Reducer.app */,
			);
			name = Products;
			sourceTree = "<group>";
		};
		D253F04B2A0F445800D86D9C /* TCA-Shared-Reducer */ = {
			isa = PBXGroup;
			children = (
				D253F04C2A0F445800D86D9C /* TCA_Shared_ReducerApp.swift */,
				D253F04E2A0F445800D86D9C /* ContentView.swift */,
				D253F05F2A0F45AD00D86D9C /* AppRootFeature.swift */,
				D253F0652A0F4E8900D86D9C /* TabFeature.swift */,
				D253F0612A0F45EE00D86D9C /* ListenFeature.swift */,
				D253F0632A0F45F500D86D9C /* SearchFeature.swift */,
				D253F0672A0F4F5800D86D9C /* PlaybackControlFeature.swift */,
				D253F05D2A0F459400D86D9C /* Tab.swift */,
				D253F0502A0F445900D86D9C /* Assets.xcassets */,
				D253F0522A0F445900D86D9C /* Preview Content */,
			);
			path = "TCA-Shared-Reducer";
			sourceTree = "<group>";
		};
		D253F0522A0F445900D86D9C /* Preview Content */ = {
			isa = PBXGroup;
			children = (
				D253F0532A0F445900D86D9C /* Preview Assets.xcassets */,
			);
			path = "Preview Content";
			sourceTree = "<group>";
		};
/* End PBXGroup section */

/* Begin PBXNativeTarget section */
		D253F0482A0F445800D86D9C /* TCA-Shared-Reducer */ = {
			isa = PBXNativeTarget;
			buildConfigurationList = D253F0572A0F445900D86D9C /* Build configuration list for PBXNativeTarget "TCA-Shared-Reducer" */;
			buildPhases = (
				D253F0452A0F445800D86D9C /* Sources */,
				D253F0462A0F445800D86D9C /* Frameworks */,
				D253F0472A0F445800D86D9C /* Resources */,
			);
			buildRules = (
			);
			dependencies = (
			);
			name = "TCA-Shared-Reducer";
			packageProductDependencies = (
				D253F05B2A0F44A100D86D9C /* ComposableArchitecture */,
			);
			productName = "TCA-Shared-Reducer";
			productReference = D253F0492A0F445800D86D9C /* TCA-Shared-Reducer.app */;
			productType = "com.apple.product-type.application";
		};
/* End PBXNativeTarget section */

/* Begin PBXProject section */
		D253F0412A0F445800D86D9C /* Project object */ = {
			isa = PBXProject;
			attributes = {
				BuildIndependentTargetsInParallel = 1;
				LastSwiftUpdateCheck = 1430;
				LastUpgradeCheck = 1430;
				TargetAttributes = {
					D253F0482A0F445800D86D9C = {
						CreatedOnToolsVersion = 14.3;
					};
				};
			};
			buildConfigurationList = D253F0442A0F445800D86D9C /* Build configuration list for PBXProject "TCA-Shared-Reducer" */;
			compatibilityVersion = "Xcode 14.0";
			developmentRegion = en;
			hasScannedForEncodings = 0;
			knownRegions = (
				en,
				Base,
			);
			mainGroup = D253F0402A0F445800D86D9C;
			packageReferences = (
				D253F05A2A0F44A100D86D9C /* XCRemoteSwiftPackageReference "swift-composable-architecture" */,
			);
			productRefGroup = D253F04A2A0F445800D86D9C /* Products */;
			projectDirPath = "";
			projectRoot = "";
			targets = (
				D253F0482A0F445800D86D9C /* TCA-Shared-Reducer */,
			);
		};
/* End PBXProject section */

/* Begin PBXResourcesBuildPhase section */
		D253F0472A0F445800D86D9C /* Resources */ = {
			isa = PBXResourcesBuildPhase;
			buildActionMask = 2147483647;
			files = (
				D253F0542A0F445900D86D9C /* Preview Assets.xcassets in Resources */,
				D253F0512A0F445900D86D9C /* Assets.xcassets in Resources */,
			);
			runOnlyForDeploymentPostprocessing = 0;
		};
/* End PBXResourcesBuildPhase section */

/* Begin PBXSourcesBuildPhase section */
		D253F0452A0F445800D86D9C /* Sources */ = {
			isa = PBXSourcesBuildPhase;
			buildActionMask = 2147483647;
			files = (
				D253F0622A0F45EE00D86D9C /* ListenFeature.swift in Sources */,
				D253F0662A0F4E8900D86D9C /* TabFeature.swift in Sources */,
				D253F0602A0F45AD00D86D9C /* AppRootFeature.swift in Sources */,
				D253F0682A0F4F5800D86D9C /* PlaybackControlFeature.swift in Sources */,
				D253F0642A0F45F500D86D9C /* SearchFeature.swift in Sources */,
				D253F05E2A0F459400D86D9C /* Tab.swift in Sources */,
				D253F04F2A0F445800D86D9C /* ContentView.swift in Sources */,
				D253F04D2A0F445800D86D9C /* TCA_Shared_ReducerApp.swift in Sources */,
			);
			runOnlyForDeploymentPostprocessing = 0;
		};
/* End PBXSourcesBuildPhase section */

/* Begin XCBuildConfiguration section */
		D253F0552A0F445900D86D9C /* Debug */ = {
			isa = XCBuildConfiguration;
			buildSettings = {
				ALWAYS_SEARCH_USER_PATHS = NO;
				CLANG_ANALYZER_NONNULL = YES;
				CLANG_ANALYZER_NUMBER_OBJECT_CONVERSION = YES_AGGRESSIVE;
				CLANG_CXX_LANGUAGE_STANDARD = "gnu++20";
				CLANG_ENABLE_MODULES = YES;
				CLANG_ENABLE_OBJC_ARC = YES;
				CLANG_ENABLE_OBJC_WEAK = YES;
				CLANG_WARN_BLOCK_CAPTURE_AUTORELEASING = YES;
				CLANG_WARN_BOOL_CONVERSION = YES;
				CLANG_WARN_COMMA = YES;
				CLANG_WARN_CONSTANT_CONVERSION = YES;
				CLANG_WARN_DEPRECATED_OBJC_IMPLEMENTATIONS = YES;
				CLANG_WARN_DIRECT_OBJC_ISA_USAGE = YES_ERROR;
				CLANG_WARN_DOCUMENTATION_COMMENTS = YES;
				CLANG_WARN_EMPTY_BODY = YES;
				CLANG_WARN_ENUM_CONVERSION = YES;
				CLANG_WARN_INFINITE_RECURSION = YES;
				CLANG_WARN_INT_CONVERSION = YES;
				CLANG_WARN_NON_LITERAL_NULL_CONVERSION = YES;
				CLANG_WARN_OBJC_IMPLICIT_RETAIN_SELF = YES;
				CLANG_WARN_OBJC_LITERAL_CONVERSION = YES;
				CLANG_WARN_OBJC_ROOT_CLASS = YES_ERROR;
				CLANG_WARN_QUOTED_INCLUDE_IN_FRAMEWORK_HEADER = YES;
				CLANG_WARN_RANGE_LOOP_ANALYSIS = YES;
				CLANG_WARN_STRICT_PROTOTYPES = YES;
				CLANG_WARN_SUSPICIOUS_MOVE = YES;
				CLANG_WARN_UNGUARDED_AVAILABILITY = YES_AGGRESSIVE;
				CLANG_WARN_UNREACHABLE_CODE = YES;
				CLANG_WARN__DUPLICATE_METHOD_MATCH = YES;
				COPY_PHASE_STRIP = NO;
				DEBUG_INFORMATION_FORMAT = dwarf;
				ENABLE_STRICT_OBJC_MSGSEND = YES;
				ENABLE_TESTABILITY = YES;
				GCC_C_LANGUAGE_STANDARD = gnu11;
				GCC_DYNAMIC_NO_PIC = NO;
				GCC_NO_COMMON_BLOCKS = YES;
				GCC_OPTIMIZATION_LEVEL = 0;
				GCC_PREPROCESSOR_DEFINITIONS = (
					"DEBUG=1",
					"$(inherited)",
				);
				GCC_WARN_64_TO_32_BIT_CONVERSION = YES;
				GCC_WARN_ABOUT_RETURN_TYPE = YES_ERROR;
				GCC_WARN_UNDECLARED_SELECTOR = YES;
				GCC_WARN_UNINITIALIZED_AUTOS = YES_AGGRESSIVE;
				GCC_WARN_UNUSED_FUNCTION = YES;
				GCC_WARN_UNUSED_VARIABLE = YES;
				IPHONEOS_DEPLOYMENT_TARGET = 16.4;
				MTL_ENABLE_DEBUG_INFO = INCLUDE_SOURCE;
				MTL_FAST_MATH = YES;
				ONLY_ACTIVE_ARCH = YES;
				SDKROOT = iphoneos;
				SWIFT_ACTIVE_COMPILATION_CONDITIONS = DEBUG;
				SWIFT_OPTIMIZATION_LEVEL = "-Onone";
			};
			name = Debug;
		};
		D253F0562A0F445900D86D9C /* Release */ = {
			isa = XCBuildConfiguration;
			buildSettings = {
				ALWAYS_SEARCH_USER_PATHS = NO;
				CLANG_ANALYZER_NONNULL = YES;
				CLANG_ANALYZER_NUMBER_OBJECT_CONVERSION = YES_AGGRESSIVE;
				CLANG_CXX_LANGUAGE_STANDARD = "gnu++20";
				CLANG_ENABLE_MODULES = YES;
				CLANG_ENABLE_OBJC_ARC = YES;
				CLANG_ENABLE_OBJC_WEAK = YES;
				CLANG_WARN_BLOCK_CAPTURE_AUTORELEASING = YES;
				CLANG_WARN_BOOL_CONVERSION = YES;
				CLANG_WARN_COMMA = YES;
				CLANG_WARN_CONSTANT_CONVERSION = YES;
				CLANG_WARN_DEPRECATED_OBJC_IMPLEMENTATIONS = YES;
				CLANG_WARN_DIRECT_OBJC_ISA_USAGE = YES_ERROR;
				CLANG_WARN_DOCUMENTATION_COMMENTS = YES;
				CLANG_WARN_EMPTY_BODY = YES;
				CLANG_WARN_ENUM_CONVERSION = YES;
				CLANG_WARN_INFINITE_RECURSION = YES;
				CLANG_WARN_INT_CONVERSION = YES;
				CLANG_WARN_NON_LITERAL_NULL_CONVERSION = YES;
				CLANG_WARN_OBJC_IMPLICIT_RETAIN_SELF = YES;
				CLANG_WARN_OBJC_LITERAL_CONVERSION = YES;
				CLANG_WARN_OBJC_ROOT_CLASS = YES_ERROR;
				CLANG_WARN_QUOTED_INCLUDE_IN_FRAMEWORK_HEADER = YES;
				CLANG_WARN_RANGE_LOOP_ANALYSIS = YES;
				CLANG_WARN_STRICT_PROTOTYPES = YES;
				CLANG_WARN_SUSPICIOUS_MOVE = YES;
				CLANG_WARN_UNGUARDED_AVAILABILITY = YES_AGGRESSIVE;
				CLANG_WARN_UNREACHABLE_CODE = YES;
				CLANG_WARN__DUPLICATE_METHOD_MATCH = YES;
				COPY_PHASE_STRIP = NO;
				DEBUG_INFORMATION_FORMAT = "dwarf-with-dsym";
				ENABLE_NS_ASSERTIONS = NO;
				ENABLE_STRICT_OBJC_MSGSEND = YES;
				GCC_C_LANGUAGE_STANDARD = gnu11;
				GCC_NO_COMMON_BLOCKS = YES;
				GCC_WARN_64_TO_32_BIT_CONVERSION = YES;
				GCC_WARN_ABOUT_RETURN_TYPE = YES_ERROR;
				GCC_WARN_UNDECLARED_SELECTOR = YES;
				GCC_WARN_UNINITIALIZED_AUTOS = YES_AGGRESSIVE;
				GCC_WARN_UNUSED_FUNCTION = YES;
				GCC_WARN_UNUSED_VARIABLE = YES;
				IPHONEOS_DEPLOYMENT_TARGET = 16.4;
				MTL_ENABLE_DEBUG_INFO = NO;
				MTL_FAST_MATH = YES;
				SDKROOT = iphoneos;
				SWIFT_COMPILATION_MODE = wholemodule;
				SWIFT_OPTIMIZATION_LEVEL = "-O";
				VALIDATE_PRODUCT = YES;
			};
			name = Release;
		};
		D253F0582A0F445900D86D9C /* Debug */ = {
			isa = XCBuildConfiguration;
			buildSettings = {
				ASSETCATALOG_COMPILER_APPICON_NAME = AppIcon;
				ASSETCATALOG_COMPILER_GLOBAL_ACCENT_COLOR_NAME = AccentColor;
				CODE_SIGN_STYLE = Automatic;
				CURRENT_PROJECT_VERSION = 1;
				DEVELOPMENT_ASSET_PATHS = "\"TCA-Shared-Reducer/Preview Content\"";
				ENABLE_PREVIEWS = YES;
				GENERATE_INFOPLIST_FILE = YES;
				INFOPLIST_KEY_UIApplicationSceneManifest_Generation = YES;
				INFOPLIST_KEY_UIApplicationSupportsIndirectInputEvents = YES;
				INFOPLIST_KEY_UILaunchScreen_Generation = YES;
				INFOPLIST_KEY_UISupportedInterfaceOrientations_iPad = "UIInterfaceOrientationPortrait UIInterfaceOrientationPortraitUpsideDown UIInterfaceOrientationLandscapeLeft UIInterfaceOrientationLandscapeRight";
				INFOPLIST_KEY_UISupportedInterfaceOrientations_iPhone = "UIInterfaceOrientationPortrait UIInterfaceOrientationLandscapeLeft UIInterfaceOrientationLandscapeRight";
				LD_RUNPATH_SEARCH_PATHS = (
					"$(inherited)",
					"@executable_path/Frameworks",
				);
				MARKETING_VERSION = 1.0;
				PRODUCT_BUNDLE_IDENTIFIER = "com.ratnesh.TCA-Shared-Reducer";
				PRODUCT_NAME = "$(TARGET_NAME)";
				SWIFT_EMIT_LOC_STRINGS = YES;
				SWIFT_VERSION = 5.0;
				TARGETED_DEVICE_FAMILY = "1,2";
			};
			name = Debug;
		};
		D253F0592A0F445900D86D9C /* Release */ = {
			isa = XCBuildConfiguration;
			buildSettings = {
				ASSETCATALOG_COMPILER_APPICON_NAME = AppIcon;
				ASSETCATALOG_COMPILER_GLOBAL_ACCENT_COLOR_NAME = AccentColor;
				CODE_SIGN_STYLE = Automatic;
				CURRENT_PROJECT_VERSION = 1;
				DEVELOPMENT_ASSET_PATHS = "\"TCA-Shared-Reducer/Preview Content\"";
				ENABLE_PREVIEWS = YES;
				GENERATE_INFOPLIST_FILE = YES;
				INFOPLIST_KEY_UIApplicationSceneManifest_Generation = YES;
				INFOPLIST_KEY_UIApplicationSupportsIndirectInputEvents = YES;
				INFOPLIST_KEY_UILaunchScreen_Generation = YES;
				INFOPLIST_KEY_UISupportedInterfaceOrientations_iPad = "UIInterfaceOrientationPortrait UIInterfaceOrientationPortraitUpsideDown UIInterfaceOrientationLandscapeLeft UIInterfaceOrientationLandscapeRight";
				INFOPLIST_KEY_UISupportedInterfaceOrientations_iPhone = "UIInterfaceOrientationPortrait UIInterfaceOrientationLandscapeLeft UIInterfaceOrientationLandscapeRight";
				LD_RUNPATH_SEARCH_PATHS = (
					"$(inherited)",
					"@executable_path/Frameworks",
				);
				MARKETING_VERSION = 1.0;
				PRODUCT_BUNDLE_IDENTIFIER = "com.ratnesh.TCA-Shared-Reducer";
				PRODUCT_NAME = "$(TARGET_NAME)";
				SWIFT_EMIT_LOC_STRINGS = YES;
				SWIFT_VERSION = 5.0;
				TARGETED_DEVICE_FAMILY = "1,2";
			};
			name = Release;
		};
/* End XCBuildConfiguration section */

/* Begin XCConfigurationList section */
		D253F0442A0F445800D86D9C /* Build configuration list for PBXProject "TCA-Shared-Reducer" */ = {
			isa = XCConfigurationList;
			buildConfigurations = (
				D253F0552A0F445900D86D9C /* Debug */,
				D253F0562A0F445900D86D9C /* Release */,
			);
			defaultConfigurationIsVisible = 0;
			defaultConfigurationName = Release;
		};
		D253F0572A0F445900D86D9C /* Build configuration list for PBXNativeTarget "TCA-Shared-Reducer" */ = {
			isa = XCConfigurationList;
			buildConfigurations = (
				D253F0582A0F445900D86D9C /* Debug */,
				D253F0592A0F445900D86D9C /* Release */,
			);
			defaultConfigurationIsVisible = 0;
			defaultConfigurationName = Release;
		};
/* End XCConfigurationList section */

/* Begin XCRemoteSwiftPackageReference section */
		D253F05A2A0F44A100D86D9C /* XCRemoteSwiftPackageReference "swift-composable-architecture" */ = {
			isa = XCRemoteSwiftPackageReference;
			repositoryURL = "https://github.com/pointfreeco/swift-composable-architecture";
			requirement = {
				branch = prerelease/1.0;
				kind = branch;
			};
		};
/* End XCRemoteSwiftPackageReference section */

/* Begin XCSwiftPackageProductDependency section */
		D253F05B2A0F44A100D86D9C /* ComposableArchitecture */ = {
			isa = XCSwiftPackageProductDependency;
			package = D253F05A2A0F44A100D86D9C /* XCRemoteSwiftPackageReference "swift-composable-architecture" */;
			productName = ComposableArchitecture;
		};
/* End XCSwiftPackageProductDependency section */
	};
	rootObject = D253F0412A0F445800D86D9C /* Project object */;
}
